
Microsoft Visual Studio Solution File, Format Version 12.00
# Visual Studio 15
VisualStudioVersion = 15.0.27130.2036
MinimumVisualStudioVersion = 10.0.40219.1
Project("{9A19103F-16F7-4668-BE54-9A1E7A4F7556}") = "JobDispatcher", "Services\JobDispatcher\JobDispatcher.csproj", "{32ABC24D-5722-41D9-B88E-A489CDB336A6}"
EndProject
Project("{9A19103F-16F7-4668-BE54-9A1E7A4F7556}") = "ServicesCommon", "Services\Common\ServicesCommon.csproj", "{8184230E-9B7C-4647-B72C-ECC4EC44F2BA}"
EndProject
Project("{9A19103F-16F7-4668-BE54-9A1E7A4F7556}") = "Frontend", "Frontend\Frontend.csproj", "{D59B7BB7-27E4-45A8-A7DA-1261BE48DD2F}"
EndProject
Project("{9A19103F-16F7-4668-BE54-9A1E7A4F7556}") = "DTO", "Common\DTO\DTO.csproj", "{E633D796-C009-4201-A0FE-8264B3D27779}"
EndProject
Project("{9A19103F-16F7-4668-BE54-9A1E7A4F7556}") = "Utilities", "Common\Utilities\Utilities.csproj", "{2EF4016C-03FE-4D9F-9DB9-143200EB374F}"
EndProject
Project("{2150E333-8FDC-42A3-9474-1A3956D46DE8}") = "Common", "Common", "{49669C57-4887-45A4-8C69-1ADA01C19970}"
EndProject
Project("{2150E333-8FDC-42A3-9474-1A3956D46DE8}") = "Services", "Services", "{643CDBA6-FEA8-44C2-96A3-856050BA128B}"
EndProject
Project("{E53339B2-1760-4266-BCC7-CA923CBCF16C}") = "docker-compose", "docker-compose.dcproj", "{72FD69BB-4142-4538-B0C5-5BC79D657AF8}"
EndProject
Project("{2150E333-8FDC-42A3-9474-1A3956D46DE8}") = "Docker", "Docker", "{F5EDA3A7-92BF-4756-B4A0-C9734B0FBD94}"
	ProjectSection(SolutionItems) = preProject
		docker\Dockerfile = docker\Dockerfile
	EndProjectSection
EndProject
Project("{2150E333-8FDC-42A3-9474-1A3956D46DE8}") = "Frontend", "Frontend", "{092102C8-7095-414D-B097-DD8B786D1251}"
EndProject
Project("{9A19103F-16F7-4668-BE54-9A1E7A4F7556}") = "Bootstrap", "Bootstrap\Bootstrap.csproj", "{186A06F0-5D24-484A-AAA1-C0CC285C2EFE}"
EndProject
Project("{9A19103F-16F7-4668-BE54-9A1E7A4F7556}") = "NodeAgent", "Services\NodeAgent\NodeAgent.csproj", "{A2B5A8EC-5512-476E-9B30-3870D1D0A09D}"
EndProject
Global
	GlobalSection(SolutionConfigurationPlatforms) = preSolution
		Debug|Any CPU = Debug|Any CPU
		Release|Any CPU = Release|Any CPU
	EndGlobalSection
	GlobalSection(ProjectConfigurationPlatforms) = postSolution
		{32ABC24D-5722-41D9-B88E-A489CDB336A6}.Debug|Any CPU.ActiveCfg = Debug|Any CPU
		{32ABC24D-5722-41D9-B88E-A489CDB336A6}.Debug|Any CPU.Build.0 = Debug|Any CPU
		{32ABC24D-5722-41D9-B88E-A489CDB336A6}.Release|Any CPU.ActiveCfg = Release|Any CPU
		{32ABC24D-5722-41D9-B88E-A489CDB336A6}.Release|Any CPU.Build.0 = Release|Any CPU
		{8184230E-9B7C-4647-B72C-ECC4EC44F2BA}.Debug|Any CPU.ActiveCfg = Debug|Any CPU
		{8184230E-9B7C-4647-B72C-ECC4EC44F2BA}.Debug|Any CPU.Build.0 = Debug|Any CPU
		{8184230E-9B7C-4647-B72C-ECC4EC44F2BA}.Release|Any CPU.ActiveCfg = Release|Any CPU
		{8184230E-9B7C-4647-B72C-ECC4EC44F2BA}.Release|Any CPU.Build.0 = Release|Any CPU
		{D59B7BB7-27E4-45A8-A7DA-1261BE48DD2F}.Debug|Any CPU.ActiveCfg = Debug|Any CPU
		{D59B7BB7-27E4-45A8-A7DA-1261BE48DD2F}.Debug|Any CPU.Build.0 = Debug|Any CPU
		{D59B7BB7-27E4-45A8-A7DA-1261BE48DD2F}.Release|Any CPU.ActiveCfg = Release|Any CPU
		{D59B7BB7-27E4-45A8-A7DA-1261BE48DD2F}.Release|Any CPU.Build.0 = Release|Any CPU
		{E633D796-C009-4201-A0FE-8264B3D27779}.Debug|Any CPU.ActiveCfg = Debug|Any CPU
		{E633D796-C009-4201-A0FE-8264B3D27779}.Debug|Any CPU.Build.0 = Debug|Any CPU
		{E633D796-C009-4201-A0FE-8264B3D27779}.Release|Any CPU.ActiveCfg = Release|Any CPU
		{E633D796-C009-4201-A0FE-8264B3D27779}.Release|Any CPU.Build.0 = Release|Any CPU
		{2EF4016C-03FE-4D9F-9DB9-143200EB374F}.Debug|Any CPU.ActiveCfg = Debug|Any CPU
		{2EF4016C-03FE-4D9F-9DB9-143200EB374F}.Debug|Any CPU.Build.0 = Debug|Any CPU
		{2EF4016C-03FE-4D9F-9DB9-143200EB374F}.Release|Any CPU.ActiveCfg = Release|Any CPU
		{2EF4016C-03FE-4D9F-9DB9-143200EB374F}.Release|Any CPU.Build.0 = Release|Any CPU
		{72FD69BB-4142-4538-B0C5-5BC79D657AF8}.Debug|Any CPU.ActiveCfg = Debug|Any CPU
		{72FD69BB-4142-4538-B0C5-5BC79D657AF8}.Debug|Any CPU.Build.0 = Debug|Any CPU
		{72FD69BB-4142-4538-B0C5-5BC79D657AF8}.Release|Any CPU.ActiveCfg = Release|Any CPU
		{72FD69BB-4142-4538-B0C5-5BC79D657AF8}.Release|Any CPU.Build.0 = Release|Any CPU
		{186A06F0-5D24-484A-AAA1-C0CC285C2EFE}.Debug|Any CPU.ActiveCfg = Debug|Any CPU
		{186A06F0-5D24-484A-AAA1-C0CC285C2EFE}.Debug|Any CPU.Build.0 = Debug|Any CPU
		{186A06F0-5D24-484A-AAA1-C0CC285C2EFE}.Release|Any CPU.ActiveCfg = Release|Any CPU
		{186A06F0-5D24-484A-AAA1-C0CC285C2EFE}.Release|Any CPU.Build.0 = Release|Any CPU
		{A2B5A8EC-5512-476E-9B30-3870D1D0A09D}.Debug|Any CPU.ActiveCfg = Debug|Any CPU
		{A2B5A8EC-5512-476E-9B30-3870D1D0A09D}.Debug|Any CPU.Build.0 = Debug|Any CPU
		{A2B5A8EC-5512-476E-9B30-3870D1D0A09D}.Release|Any CPU.ActiveCfg = Release|Any CPU
		{A2B5A8EC-5512-476E-9B30-3870D1D0A09D}.Release|Any CPU.Build.0 = Release|Any CPU
	EndGlobalSection
	GlobalSection(SolutionProperties) = preSolution
		HideSolutionNode = FALSE
	EndGlobalSection
	GlobalSection(NestedProjects) = preSolution
		{32ABC24D-5722-41D9-B88E-A489CDB336A6} = {643CDBA6-FEA8-44C2-96A3-856050BA128B}
		{8184230E-9B7C-4647-B72C-ECC4EC44F2BA} = {643CDBA6-FEA8-44C2-96A3-856050BA128B}
		{D59B7BB7-27E4-45A8-A7DA-1261BE48DD2F} = {092102C8-7095-414D-B097-DD8B786D1251}
		{E633D796-C009-4201-A0FE-8264B3D27779} = {49669C57-4887-45A4-8C69-1ADA01C19970}
		{2EF4016C-03FE-4D9F-9DB9-143200EB374F} = {49669C57-4887-45A4-8C69-1ADA01C19970}
		{A2B5A8EC-5512-476E-9B30-3870D1D0A09D} = {643CDBA6-FEA8-44C2-96A3-856050BA128B}
	EndGlobalSection
	GlobalSection(ExtensibilityGlobals) = postSolution
		SolutionGuid = {7205F4D9-7579-41B9-AA1A-29529107BA1D}
	EndGlobalSection
EndGlobal
